// !$*UTF8*$!
{
	archiveVersion = 1;
	classes = {
	};
	objectVersion = 56;
	objects = {

/* Begin PBXBuildFile section */
		972630342CA3691200091567 /* LiDARCameraViewController.swift in Sources */ = {isa = PBXBuildFile; fileRef = 972630332CA3691200091567 /* LiDARCameraViewController.swift */; };
		972630362CA370D600091567 /* CameraPreviewView.swift in Sources */ = {isa = PBXBuildFile; fileRef = 972630352CA370D600091567 /* CameraPreviewView.swift */; };
		9726303A2CA3881A00091567 /* SpeechManager.swift in Sources */ = {isa = PBXBuildFile; fileRef = 972630392CA3881A00091567 /* SpeechManager.swift */; };
		97A54C692CA35123008E73A9 /* LiDARCameraView.swift in Sources */ = {isa = PBXBuildFile; fileRef = 97A54C682CA35123008E73A9 /* LiDARCameraView.swift */; };
		97A54C6B2CA352BE008E73A9 /* MapsView.swift in Sources */ = {isa = PBXBuildFile; fileRef = 97A54C6A2CA352BE008E73A9 /* MapsView.swift */; };
		E1BF88F02C65320B00E7C8DC /* speechRecognizer.swift in Sources */ = {isa = PBXBuildFile; fileRef = E1BF88EF2C65320B00E7C8DC /* speechRecognizer.swift */; };
		E1F569D32C501D880010BF96 /* Intern1App.swift in Sources */ = {isa = PBXBuildFile; fileRef = E1F569D22C501D880010BF96 /* Intern1App.swift */; };
		E1F569D52C501D880010BF96 /* ContentView.swift in Sources */ = {isa = PBXBuildFile; fileRef = E1F569D42C501D880010BF96 /* ContentView.swift */; };
		E1F569D72C501D890010BF96 /* Assets.xcassets in Resources */ = {isa = PBXBuildFile; fileRef = E1F569D62C501D890010BF96 /* Assets.xcassets */; };
		E1F569DA2C501D890010BF96 /* Preview Assets.xcassets in Resources */ = {isa = PBXBuildFile; fileRef = E1F569D92C501D890010BF96 /* Preview Assets.xcassets */; };
		E1F569E42C501D8A0010BF96 /* Intern1Tests.swift in Sources */ = {isa = PBXBuildFile; fileRef = E1F569E32C501D8A0010BF96 /* Intern1Tests.swift */; };
		E1F569EE2C501D8A0010BF96 /* Intern1UITests.swift in Sources */ = {isa = PBXBuildFile; fileRef = E1F569ED2C501D8A0010BF96 /* Intern1UITests.swift */; };
		E1F569F02C501D8A0010BF96 /* Intern1UITestsLaunchTests.swift in Sources */ = {isa = PBXBuildFile; fileRef = E1F569EF2C501D8A0010BF96 /* Intern1UITestsLaunchTests.swift */; };
		E1F569FE2C501E3C0010BF96 /* mapsManager.swift in Sources */ = {isa = PBXBuildFile; fileRef = E1F569FD2C501E3C0010BF96 /* mapsManager.swift */; };
		E1F56A002C501E4C0010BF96 /* cameraManager.swift in Sources */ = {isa = PBXBuildFile; fileRef = E1F569FF2C501E4C0010BF96 /* cameraManager.swift */; };
		E1F56A022C501E5D0010BF96 /* llmManager.swift in Sources */ = {isa = PBXBuildFile; fileRef = E1F56A012C501E5D0010BF96 /* llmManager.swift */; };
/* End PBXBuildFile section */

/* Begin PBXContainerItemProxy section */
		E1F569E02C501D8A0010BF96 /* PBXContainerItemProxy */ = {
			isa = PBXContainerItemProxy;
			containerPortal = E1F569C72C501D880010BF96 /* Project object */;
			proxyType = 1;
			remoteGlobalIDString = E1F569CE2C501D880010BF96;
			remoteInfo = Intern1;
		};
		E1F569EA2C501D8A0010BF96 /* PBXContainerItemProxy */ = {
			isa = PBXContainerItemProxy;
			containerPortal = E1F569C72C501D880010BF96 /* Project object */;
			proxyType = 1;
			remoteGlobalIDString = E1F569CE2C501D880010BF96;
			remoteInfo = Intern1;
		};
/* End PBXContainerItemProxy section */

/* Begin PBXFileReference section */
		972630332CA3691200091567 /* LiDARCameraViewController.swift */ = {isa = PBXFileReference; lastKnownFileType = sourcecode.swift; path = LiDARCameraViewController.swift; sourceTree = "<group>"; };
		972630352CA370D600091567 /* CameraPreviewView.swift */ = {isa = PBXFileReference; lastKnownFileType = sourcecode.swift; path = CameraPreviewView.swift; sourceTree = "<group>"; };
		972630392CA3881A00091567 /* SpeechManager.swift */ = {isa = PBXFileReference; lastKnownFileType = sourcecode.swift; path = SpeechManager.swift; sourceTree = "<group>"; };
		97A54C682CA35123008E73A9 /* LiDARCameraView.swift */ = {isa = PBXFileReference; lastKnownFileType = sourcecode.swift; path = LiDARCameraView.swift; sourceTree = "<group>"; };
		97A54C6A2CA352BE008E73A9 /* MapsView.swift */ = {isa = PBXFileReference; lastKnownFileType = sourcecode.swift; path = MapsView.swift; sourceTree = "<group>"; };
		E1BF88EF2C65320B00E7C8DC /* speechRecognizer.swift */ = {isa = PBXFileReference; lastKnownFileType = sourcecode.swift; path = speechRecognizer.swift; sourceTree = "<group>"; xcLanguageSpecificationIdentifier = xcode.lang.metal; };
		E1F569CF2C501D880010BF96 /* NaviGPT.app */ = {isa = PBXFileReference; explicitFileType = wrapper.application; includeInIndex = 0; path = NaviGPT.app; sourceTree = BUILT_PRODUCTS_DIR; };
		E1F569D22C501D880010BF96 /* Intern1App.swift */ = {isa = PBXFileReference; lastKnownFileType = sourcecode.swift; path = Intern1App.swift; sourceTree = "<group>"; };
		E1F569D42C501D880010BF96 /* ContentView.swift */ = {isa = PBXFileReference; lastKnownFileType = sourcecode.swift; path = ContentView.swift; sourceTree = "<group>"; };
		E1F569D62C501D890010BF96 /* Assets.xcassets */ = {isa = PBXFileReference; lastKnownFileType = folder.assetcatalog; path = Assets.xcassets; sourceTree = "<group>"; };
		E1F569D92C501D890010BF96 /* Preview Assets.xcassets */ = {isa = PBXFileReference; lastKnownFileType = folder.assetcatalog; path = "Preview Assets.xcassets"; sourceTree = "<group>"; };
		E1F569DF2C501D8A0010BF96 /* NaviGPTTests.xctest */ = {isa = PBXFileReference; explicitFileType = wrapper.cfbundle; includeInIndex = 0; path = NaviGPTTests.xctest; sourceTree = BUILT_PRODUCTS_DIR; };
		E1F569E32C501D8A0010BF96 /* Intern1Tests.swift */ = {isa = PBXFileReference; lastKnownFileType = sourcecode.swift; path = Intern1Tests.swift; sourceTree = "<group>"; };
		E1F569E92C501D8A0010BF96 /* NaviGPTUITests.xctest */ = {isa = PBXFileReference; explicitFileType = wrapper.cfbundle; includeInIndex = 0; path = NaviGPTUITests.xctest; sourceTree = BUILT_PRODUCTS_DIR; };
		E1F569ED2C501D8A0010BF96 /* Intern1UITests.swift */ = {isa = PBXFileReference; lastKnownFileType = sourcecode.swift; path = Intern1UITests.swift; sourceTree = "<group>"; };
		E1F569EF2C501D8A0010BF96 /* Intern1UITestsLaunchTests.swift */ = {isa = PBXFileReference; lastKnownFileType = sourcecode.swift; path = Intern1UITestsLaunchTests.swift; sourceTree = "<group>"; };
		E1F569FC2C501DDD0010BF96 /* Info.plist */ = {isa = PBXFileReference; lastKnownFileType = text.plist; path = Info.plist; sourceTree = "<group>"; };
		E1F569FD2C501E3C0010BF96 /* mapsManager.swift */ = {isa = PBXFileReference; lastKnownFileType = sourcecode.swift; path = mapsManager.swift; sourceTree = "<group>"; };
		E1F569FF2C501E4C0010BF96 /* cameraManager.swift */ = {isa = PBXFileReference; lastKnownFileType = sourcecode.swift; path = cameraManager.swift; sourceTree = "<group>"; };
		E1F56A012C501E5D0010BF96 /* llmManager.swift */ = {isa = PBXFileReference; lastKnownFileType = sourcecode.swift; path = llmManager.swift; sourceTree = "<group>"; };
/* End PBXFileReference section */

/* Begin PBXFrameworksBuildPhase section */
		E1F569CC2C501D880010BF96 /* Frameworks */ = {
			isa = PBXFrameworksBuildPhase;
			buildActionMask = 2147483647;
			files = (
			);
			runOnlyForDeploymentPostprocessing = 0;
		};
		E1F569DC2C501D8A0010BF96 /* Frameworks */ = {
			isa = PBXFrameworksBuildPhase;
			buildActionMask = 2147483647;
			files = (
			);
			runOnlyForDeploymentPostprocessing = 0;
		};
		E1F569E62C501D8A0010BF96 /* Frameworks */ = {
			isa = PBXFrameworksBuildPhase;
			buildActionMask = 2147483647;
			files = (
			);
			runOnlyForDeploymentPostprocessing = 0;
		};
/* End PBXFrameworksBuildPhase section */

/* Begin PBXGroup section */
		E1F569C62C501D880010BF96 = {
			isa = PBXGroup;
			children = (
				E1F569D12C501D880010BF96 /* NaviGPT */,
				E1F569E22C501D8A0010BF96 /* Intern1Tests */,
				E1F569EC2C501D8A0010BF96 /* Intern1UITests */,
				E1F569D02C501D880010BF96 /* Products */,
			);
			sourceTree = "<group>";
		};
		E1F569D02C501D880010BF96 /* Products */ = {
			isa = PBXGroup;
			children = (
				E1F569CF2C501D880010BF96 /* NaviGPT.app */,
				E1F569DF2C501D8A0010BF96 /* NaviGPTTests.xctest */,
				E1F569E92C501D8A0010BF96 /* NaviGPTUITests.xctest */,
			);
			name = Products;
			sourceTree = "<group>";
		};
		E1F569D12C501D880010BF96 /* NaviGPT */ = {
			isa = PBXGroup;
			children = (
				E1F569FC2C501DDD0010BF96 /* Info.plist */,
				E1F569D22C501D880010BF96 /* Intern1App.swift */,
				E1F569D42C501D880010BF96 /* ContentView.swift */,
				E1F569D62C501D890010BF96 /* Assets.xcassets */,
				E1F569D82C501D890010BF96 /* Preview Content */,
				E1F569FD2C501E3C0010BF96 /* mapsManager.swift */,
				E1BF88EF2C65320B00E7C8DC /* speechRecognizer.swift */,
				E1F569FF2C501E4C0010BF96 /* cameraManager.swift */,
				E1F56A012C501E5D0010BF96 /* llmManager.swift */,
				972630392CA3881A00091567 /* SpeechManager.swift */,
				972630352CA370D600091567 /* CameraPreviewView.swift */,
				972630332CA3691200091567 /* LiDARCameraViewController.swift */,
				97A54C6A2CA352BE008E73A9 /* MapsView.swift */,
				97A54C682CA35123008E73A9 /* LiDARCameraView.swift */,
			);
			path = NaviGPT;
			sourceTree = "<group>";
		};
		E1F569D82C501D890010BF96 /* Preview Content */ = {
			isa = PBXGroup;
			children = (
				E1F569D92C501D890010BF96 /* Preview Assets.xcassets */,
			);
			path = "Preview Content";
			sourceTree = "<group>";
		};
		E1F569E22C501D8A0010BF96 /* Intern1Tests */ = {
			isa = PBXGroup;
			children = (
				E1F569E32C501D8A0010BF96 /* Intern1Tests.swift */,
			);
			path = Intern1Tests;
			sourceTree = "<group>";
		};
		E1F569EC2C501D8A0010BF96 /* Intern1UITests */ = {
			isa = PBXGroup;
			children = (
				E1F569ED2C501D8A0010BF96 /* Intern1UITests.swift */,
				E1F569EF2C501D8A0010BF96 /* Intern1UITestsLaunchTests.swift */,
			);
			path = Intern1UITests;
			sourceTree = "<group>";
		};
/* End PBXGroup section */

/* Begin PBXNativeTarget section */
		E1F569CE2C501D880010BF96 /* NaviGPT */ = {
			isa = PBXNativeTarget;
			buildConfigurationList = E1F569F32C501D8A0010BF96 /* Build configuration list for PBXNativeTarget "NaviGPT" */;
			buildPhases = (
				E1F569CB2C501D880010BF96 /* Sources */,
				E1F569CC2C501D880010BF96 /* Frameworks */,
				E1F569CD2C501D880010BF96 /* Resources */,
			);
			buildRules = (
			);
			dependencies = (
			);
			name = NaviGPT;
			productName = Intern1;
			productReference = E1F569CF2C501D880010BF96 /* NaviGPT.app */;
			productType = "com.apple.product-type.application";
		};
		E1F569DE2C501D8A0010BF96 /* NaviGPTTests */ = {
			isa = PBXNativeTarget;
			buildConfigurationList = E1F569F62C501D8A0010BF96 /* Build configuration list for PBXNativeTarget "NaviGPTTests" */;
			buildPhases = (
				E1F569DB2C501D8A0010BF96 /* Sources */,
				E1F569DC2C501D8A0010BF96 /* Frameworks */,
				E1F569DD2C501D8A0010BF96 /* Resources */,
			);
			buildRules = (
			);
			dependencies = (
				E1F569E12C501D8A0010BF96 /* PBXTargetDependency */,
			);
			name = NaviGPTTests;
			productName = Intern1Tests;
			productReference = E1F569DF2C501D8A0010BF96 /* NaviGPTTests.xctest */;
			productType = "com.apple.product-type.bundle.unit-test";
		};
		E1F569E82C501D8A0010BF96 /* NaviGPTUITests */ = {
			isa = PBXNativeTarget;
			buildConfigurationList = E1F569F92C501D8A0010BF96 /* Build configuration list for PBXNativeTarget "NaviGPTUITests" */;
			buildPhases = (
				E1F569E52C501D8A0010BF96 /* Sources */,
				E1F569E62C501D8A0010BF96 /* Frameworks */,
				E1F569E72C501D8A0010BF96 /* Resources */,
			);
			buildRules = (
			);
			dependencies = (
				E1F569EB2C501D8A0010BF96 /* PBXTargetDependency */,
			);
			name = NaviGPTUITests;
			productName = Intern1UITests;
			productReference = E1F569E92C501D8A0010BF96 /* NaviGPTUITests.xctest */;
			productType = "com.apple.product-type.bundle.ui-testing";
		};
/* End PBXNativeTarget section */

/* Begin PBXProject section */
		E1F569C72C501D880010BF96 /* Project object */ = {
			isa = PBXProject;
			attributes = {
				BuildIndependentTargetsInParallel = 1;
				LastSwiftUpdateCheck = 1540;
				LastUpgradeCheck = 1540;
				TargetAttributes = {
					E1F569CE2C501D880010BF96 = {
						CreatedOnToolsVersion = 15.4;
					};
					E1F569DE2C501D8A0010BF96 = {
						CreatedOnToolsVersion = 15.4;
						TestTargetID = E1F569CE2C501D880010BF96;
					};
					E1F569E82C501D8A0010BF96 = {
						CreatedOnToolsVersion = 15.4;
						TestTargetID = E1F569CE2C501D880010BF96;
					};
				};
			};
			buildConfigurationList = E1F569CA2C501D880010BF96 /* Build configuration list for PBXProject "NaviGPT" */;
			compatibilityVersion = "Xcode 14.0";
			developmentRegion = en;
			hasScannedForEncodings = 0;
			knownRegions = (
				en,
				Base,
			);
			mainGroup = E1F569C62C501D880010BF96;
			productRefGroup = E1F569D02C501D880010BF96 /* Products */;
			projectDirPath = "";
			projectRoot = "";
			targets = (
				E1F569CE2C501D880010BF96 /* NaviGPT */,
				E1F569DE2C501D8A0010BF96 /* NaviGPTTests */,
				E1F569E82C501D8A0010BF96 /* NaviGPTUITests */,
			);
		};
/* End PBXProject section */

/* Begin PBXResourcesBuildPhase section */
		E1F569CD2C501D880010BF96 /* Resources */ = {
			isa = PBXResourcesBuildPhase;
			buildActionMask = 2147483647;
			files = (
				E1F569DA2C501D890010BF96 /* Preview Assets.xcassets in Resources */,
				E1F569D72C501D890010BF96 /* Assets.xcassets in Resources */,
			);
			runOnlyForDeploymentPostprocessing = 0;
		};
		E1F569DD2C501D8A0010BF96 /* Resources */ = {
			isa = PBXResourcesBuildPhase;
			buildActionMask = 2147483647;
			files = (
			);
			runOnlyForDeploymentPostprocessing = 0;
		};
		E1F569E72C501D8A0010BF96 /* Resources */ = {
			isa = PBXResourcesBuildPhase;
			buildActionMask = 2147483647;
			files = (
			);
			runOnlyForDeploymentPostprocessing = 0;
		};
/* End PBXResourcesBuildPhase section */

/* Begin PBXSourcesBuildPhase section */
		E1F569CB2C501D880010BF96 /* Sources */ = {
			isa = PBXSourcesBuildPhase;
			buildActionMask = 2147483647;
			files = (
				E1F569FE2C501E3C0010BF96 /* mapsManager.swift in Sources */,
				97A54C692CA35123008E73A9 /* LiDARCameraView.swift in Sources */,
				972630362CA370D600091567 /* CameraPreviewView.swift in Sources */,
				E1F569D52C501D880010BF96 /* ContentView.swift in Sources */,
				E1F56A002C501E4C0010BF96 /* cameraManager.swift in Sources */,
				972630342CA3691200091567 /* LiDARCameraViewController.swift in Sources */,
				E1F56A022C501E5D0010BF96 /* llmManager.swift in Sources */,
				97A54C6B2CA352BE008E73A9 /* MapsView.swift in Sources */,
				9726303A2CA3881A00091567 /* SpeechManager.swift in Sources */,
				E1BF88F02C65320B00E7C8DC /* speechRecognizer.swift in Sources */,
				E1F569D32C501D880010BF96 /* Intern1App.swift in Sources */,
			);
			runOnlyForDeploymentPostprocessing = 0;
		};
		E1F569DB2C501D8A0010BF96 /* Sources */ = {
			isa = PBXSourcesBuildPhase;
			buildActionMask = 2147483647;
			files = (
				E1F569E42C501D8A0010BF96 /* Intern1Tests.swift in Sources */,
			);
			runOnlyForDeploymentPostprocessing = 0;
		};
		E1F569E52C501D8A0010BF96 /* Sources */ = {
			isa = PBXSourcesBuildPhase;
			buildActionMask = 2147483647;
			files = (
				E1F569F02C501D8A0010BF96 /* Intern1UITestsLaunchTests.swift in Sources */,
				E1F569EE2C501D8A0010BF96 /* Intern1UITests.swift in Sources */,
			);
			runOnlyForDeploymentPostprocessing = 0;
		};
/* End PBXSourcesBuildPhase section */

/* Begin PBXTargetDependency section */
		E1F569E12C501D8A0010BF96 /* PBXTargetDependency */ = {
			isa = PBXTargetDependency;
			target = E1F569CE2C501D880010BF96 /* NaviGPT */;
			targetProxy = E1F569E02C501D8A0010BF96 /* PBXContainerItemProxy */;
		};
		E1F569EB2C501D8A0010BF96 /* PBXTargetDependency */ = {
			isa = PBXTargetDependency;
			target = E1F569CE2C501D880010BF96 /* NaviGPT */;
			targetProxy = E1F569EA2C501D8A0010BF96 /* PBXContainerItemProxy */;
		};
/* End PBXTargetDependency section */

/* Begin XCBuildConfiguration section */
		E1F569F12C501D8A0010BF96 /* Debug */ = {
			isa = XCBuildConfiguration;
			buildSettings = {
				ALWAYS_SEARCH_USER_PATHS = NO;
				ASSETCATALOG_COMPILER_GENERATE_SWIFT_ASSET_SYMBOL_EXTENSIONS = YES;
				CLANG_ANALYZER_NONNULL = YES;
				CLANG_ANALYZER_NUMBER_OBJECT_CONVERSION = YES_AGGRESSIVE;
				CLANG_CXX_LANGUAGE_STANDARD = "gnu++20";
				CLANG_ENABLE_MODULES = YES;
				CLANG_ENABLE_OBJC_ARC = YES;
				CLANG_ENABLE_OBJC_WEAK = YES;
				CLANG_WARN_BLOCK_CAPTURE_AUTORELEASING = YES;
				CLANG_WARN_BOOL_CONVERSION = YES;
				CLANG_WARN_COMMA = YES;
				CLANG_WARN_CONSTANT_CONVERSION = YES;
				CLANG_WARN_DEPRECATED_OBJC_IMPLEMENTATIONS = YES;
				CLANG_WARN_DIRECT_OBJC_ISA_USAGE = YES_ERROR;
				CLANG_WARN_DOCUMENTATION_COMMENTS = YES;
				CLANG_WARN_EMPTY_BODY = YES;
				CLANG_WARN_ENUM_CONVERSION = YES;
				CLANG_WARN_INFINITE_RECURSION = YES;
				CLANG_WARN_INT_CONVERSION = YES;
				CLANG_WARN_NON_LITERAL_NULL_CONVERSION = YES;
				CLANG_WARN_OBJC_IMPLICIT_RETAIN_SELF = YES;
				CLANG_WARN_OBJC_LITERAL_CONVERSION = YES;
				CLANG_WARN_OBJC_ROOT_CLASS = YES_ERROR;
				CLANG_WARN_QUOTED_INCLUDE_IN_FRAMEWORK_HEADER = YES;
				CLANG_WARN_RANGE_LOOP_ANALYSIS = YES;
				CLANG_WARN_STRICT_PROTOTYPES = YES;
				CLANG_WARN_SUSPICIOUS_MOVE = YES;
				CLANG_WARN_UNGUARDED_AVAILABILITY = YES_AGGRESSIVE;
				CLANG_WARN_UNREACHABLE_CODE = YES;
				CLANG_WARN__DUPLICATE_METHOD_MATCH = YES;
				COPY_PHASE_STRIP = NO;
				DEBUG_INFORMATION_FORMAT = dwarf;
				ENABLE_STRICT_OBJC_MSGSEND = YES;
				ENABLE_TESTABILITY = YES;
				ENABLE_USER_SCRIPT_SANDBOXING = YES;
				GCC_C_LANGUAGE_STANDARD = gnu17;
				GCC_DYNAMIC_NO_PIC = NO;
				GCC_NO_COMMON_BLOCKS = YES;
				GCC_OPTIMIZATION_LEVEL = 0;
				GCC_PREPROCESSOR_DEFINITIONS = (
					"DEBUG=1",
					"$(inherited)",
				);
				GCC_WARN_64_TO_32_BIT_CONVERSION = YES;
				GCC_WARN_ABOUT_RETURN_TYPE = YES_ERROR;
				GCC_WARN_UNDECLARED_SELECTOR = YES;
				GCC_WARN_UNINITIALIZED_AUTOS = YES_AGGRESSIVE;
				GCC_WARN_UNUSED_FUNCTION = YES;
				GCC_WARN_UNUSED_VARIABLE = YES;
				IPHONEOS_DEPLOYMENT_TARGET = 17.5;
				LOCALIZATION_PREFERS_STRING_CATALOGS = YES;
				MTL_ENABLE_DEBUG_INFO = INCLUDE_SOURCE;
				MTL_FAST_MATH = YES;
				ONLY_ACTIVE_ARCH = YES;
				SDKROOT = iphoneos;
				SWIFT_ACTIVE_COMPILATION_CONDITIONS = "DEBUG $(inherited)";
				SWIFT_OPTIMIZATION_LEVEL = "-Onone";
			};
			name = Debug;
		};
		E1F569F22C501D8A0010BF96 /* Release */ = {
			isa = XCBuildConfiguration;
			buildSettings = {
				ALWAYS_SEARCH_USER_PATHS = NO;
				ASSETCATALOG_COMPILER_GENERATE_SWIFT_ASSET_SYMBOL_EXTENSIONS = YES;
				CLANG_ANALYZER_NONNULL = YES;
				CLANG_ANALYZER_NUMBER_OBJECT_CONVERSION = YES_AGGRESSIVE;
				CLANG_CXX_LANGUAGE_STANDARD = "gnu++20";
				CLANG_ENABLE_MODULES = YES;
				CLANG_ENABLE_OBJC_ARC = YES;
				CLANG_ENABLE_OBJC_WEAK = YES;
				CLANG_WARN_BLOCK_CAPTURE_AUTORELEASING = YES;
				CLANG_WARN_BOOL_CONVERSION = YES;
				CLANG_WARN_COMMA = YES;
				CLANG_WARN_CONSTANT_CONVERSION = YES;
				CLANG_WARN_DEPRECATED_OBJC_IMPLEMENTATIONS = YES;
				CLANG_WARN_DIRECT_OBJC_ISA_USAGE = YES_ERROR;
				CLANG_WARN_DOCUMENTATION_COMMENTS = YES;
				CLANG_WARN_EMPTY_BODY = YES;
				CLANG_WARN_ENUM_CONVERSION = YES;
				CLANG_WARN_INFINITE_RECURSION = YES;
				CLANG_WARN_INT_CONVERSION = YES;
				CLANG_WARN_NON_LITERAL_NULL_CONVERSION = YES;
				CLANG_WARN_OBJC_IMPLICIT_RETAIN_SELF = YES;
				CLANG_WARN_OBJC_LITERAL_CONVERSION = YES;
				CLANG_WARN_OBJC_ROOT_CLASS = YES_ERROR;
				CLANG_WARN_QUOTED_INCLUDE_IN_FRAMEWORK_HEADER = YES;
				CLANG_WARN_RANGE_LOOP_ANALYSIS = YES;
				CLANG_WARN_STRICT_PROTOTYPES = YES;
				CLANG_WARN_SUSPICIOUS_MOVE = YES;
				CLANG_WARN_UNGUARDED_AVAILABILITY = YES_AGGRESSIVE;
				CLANG_WARN_UNREACHABLE_CODE = YES;
				CLANG_WARN__DUPLICATE_METHOD_MATCH = YES;
				COPY_PHASE_STRIP = NO;
				DEBUG_INFORMATION_FORMAT = "dwarf-with-dsym";
				ENABLE_NS_ASSERTIONS = NO;
				ENABLE_STRICT_OBJC_MSGSEND = YES;
				ENABLE_USER_SCRIPT_SANDBOXING = YES;
				GCC_C_LANGUAGE_STANDARD = gnu17;
				GCC_NO_COMMON_BLOCKS = YES;
				GCC_WARN_64_TO_32_BIT_CONVERSION = YES;
				GCC_WARN_ABOUT_RETURN_TYPE = YES_ERROR;
				GCC_WARN_UNDECLARED_SELECTOR = YES;
				GCC_WARN_UNINITIALIZED_AUTOS = YES_AGGRESSIVE;
				GCC_WARN_UNUSED_FUNCTION = YES;
				GCC_WARN_UNUSED_VARIABLE = YES;
				IPHONEOS_DEPLOYMENT_TARGET = 17.5;
				LOCALIZATION_PREFERS_STRING_CATALOGS = YES;
				MTL_ENABLE_DEBUG_INFO = NO;
				MTL_FAST_MATH = YES;
				SDKROOT = iphoneos;
				SWIFT_COMPILATION_MODE = wholemodule;
				VALIDATE_PRODUCT = YES;
			};
			name = Release;
		};
		E1F569F42C501D8A0010BF96 /* Debug */ = {
			isa = XCBuildConfiguration;
			buildSettings = {
				ASSETCATALOG_COMPILER_APPICON_NAME = AppIcon;
				ASSETCATALOG_COMPILER_GLOBAL_ACCENT_COLOR_NAME = AccentColor;
				CODE_SIGN_STYLE = Automatic;
				CURRENT_PROJECT_VERSION = 1;
				DEVELOPMENT_ASSET_PATHS = "\"Intern1/Preview Content\"";
				DEVELOPMENT_TEAM = 27D77QVM93;
				ENABLE_PREVIEWS = YES;
				GENERATE_INFOPLIST_FILE = YES;
				INFOPLIST_FILE = Intern1/Info.plist;
				INFOPLIST_KEY_NSCameraUsageDescription = "Please allow us access to your camera";
				INFOPLIST_KEY_NSLocationAlwaysAndWhenInUseUsageDescription = "Please allow us access to your location";
				INFOPLIST_KEY_NSLocationAlwaysUsageDescription = "Please allow us access to your location";
				INFOPLIST_KEY_NSLocationWhenInUseUsageDescription = "Please allow us access to your location";
				INFOPLIST_KEY_NSMicrophoneUsageDescription = "Please allow us access to your microphone";
				INFOPLIST_KEY_NSPhotoLibraryAddUsageDescription = "Please allow us access to your photos";
				INFOPLIST_KEY_NSPhotoLibraryUsageDescription = "Please allow us access to your photos";
				INFOPLIST_KEY_NSSpeechRecognitionUsageDescription = "Please allow us access to your microphone";
				INFOPLIST_KEY_UIApplicationSceneManifest_Generation = YES;
				INFOPLIST_KEY_UIApplicationSupportsIndirectInputEvents = YES;
				INFOPLIST_KEY_UILaunchScreen_Generation = YES;
				INFOPLIST_KEY_UISupportedInterfaceOrientations_iPad = "UIInterfaceOrientationPortrait UIInterfaceOrientationPortraitUpsideDown UIInterfaceOrientationLandscapeLeft UIInterfaceOrientationLandscapeRight";
				INFOPLIST_KEY_UISupportedInterfaceOrientations_iPhone = "UIInterfaceOrientationPortrait UIInterfaceOrientationLandscapeLeft UIInterfaceOrientationLandscapeRight";
				IPHONEOS_DEPLOYMENT_TARGET = 17.2;
				LD_RUNPATH_SEARCH_PATHS = (
					"$(inherited)",
					"@executable_path/Frameworks",
				);
				MARKETING_VERSION = 1.0;
				PRODUCT_BUNDLE_IDENTIFIER = nickfalletta.Intern1;
				PRODUCT_NAME = "$(TARGET_NAME)";
				SWIFT_EMIT_LOC_STRINGS = YES;
				SWIFT_VERSION = 5.0;
				TARGETED_DEVICE_FAMILY = "1,2";
			};
			name = Debug;
		};
		E1F569F52C501D8A0010BF96 /* Release */ = {
			isa = XCBuildConfiguration;
			buildSettings = {
				ASSETCATALOG_COMPILER_APPICON_NAME = AppIcon;
				ASSETCATALOG_COMPILER_GLOBAL_ACCENT_COLOR_NAME = AccentColor;
				CODE_SIGN_STYLE = Automatic;
				CURRENT_PROJECT_VERSION = 1;
				DEVELOPMENT_ASSET_PATHS = "\"Intern1/Preview Content\"";
				DEVELOPMENT_TEAM = 27D77QVM93;
				ENABLE_PREVIEWS = YES;
				GENERATE_INFOPLIST_FILE = YES;
				INFOPLIST_FILE = Intern1/Info.plist;
				INFOPLIST_KEY_NSCameraUsageDescription = "Please allow us access to your camera";
				INFOPLIST_KEY_NSLocationAlwaysAndWhenInUseUsageDescription = "Please allow us access to your location";
				INFOPLIST_KEY_NSLocationAlwaysUsageDescription = "Please allow us access to your location";
				INFOPLIST_KEY_NSLocationWhenInUseUsageDescription = "Please allow us access to your location";
				INFOPLIST_KEY_NSMicrophoneUsageDescription = "Please allow us access to your microphone";
				INFOPLIST_KEY_NSPhotoLibraryAddUsageDescription = "Please allow us access to your photos";
				INFOPLIST_KEY_NSPhotoLibraryUsageDescription = "Please allow us access to your photos";
				INFOPLIST_KEY_NSSpeechRecognitionUsageDescription = "Please allow us access to your microphone";
				INFOPLIST_KEY_UIApplicationSceneManifest_Generation = YES;
				INFOPLIST_KEY_UIApplicationSupportsIndirectInputEvents = YES;
				INFOPLIST_KEY_UILaunchScreen_Generation = YES;
				INFOPLIST_KEY_UISupportedInterfaceOrientations_iPad = "UIInterfaceOrientationPortrait UIInterfaceOrientationPortraitUpsideDown UIInterfaceOrientationLandscapeLeft UIInterfaceOrientationLandscapeRight";
				INFOPLIST_KEY_UISupportedInterfaceOrientations_iPhone = "UIInterfaceOrientationPortrait UIInterfaceOrientationLandscapeLeft UIInterfaceOrientationLandscapeRight";
				IPHONEOS_DEPLOYMENT_TARGET = 17.2;
				LD_RUNPATH_SEARCH_PATHS = (
					"$(inherited)",
					"@executable_path/Frameworks",
				);
				MARKETING_VERSION = 1.0;
				PRODUCT_BUNDLE_IDENTIFIER = nickfalletta.Intern1;
				PRODUCT_NAME = "$(TARGET_NAME)";
				SWIFT_EMIT_LOC_STRINGS = YES;
				SWIFT_VERSION = 5.0;
				TARGETED_DEVICE_FAMILY = "1,2";
			};
			name = Release;
		};
		E1F569F72C501D8A0010BF96 /* Debug */ = {
			isa = XCBuildConfiguration;
			buildSettings = {
				ALWAYS_EMBED_SWIFT_STANDARD_LIBRARIES = YES;
				BUNDLE_LOADER = "$(TEST_HOST)";
				CODE_SIGN_STYLE = Automatic;
				CURRENT_PROJECT_VERSION = 1;
				DEVELOPMENT_TEAM = HU8S42LM5G;
				GENERATE_INFOPLIST_FILE = YES;
				IPHONEOS_DEPLOYMENT_TARGET = 17.5;
				MARKETING_VERSION = 1.0;
				PRODUCT_BUNDLE_IDENTIFIER = nickfalletta.Intern1Tests;
				PRODUCT_NAME = "$(TARGET_NAME)";
				SWIFT_EMIT_LOC_STRINGS = NO;
				SWIFT_VERSION = 5.0;
				TARGETED_DEVICE_FAMILY = "1,2";
				TEST_HOST = "$(BUILT_PRODUCTS_DIR)/NaviGPT.app/$(BUNDLE_EXECUTABLE_FOLDER_PATH)/NaviGPT";
			};
			name = Debug;
		};
		E1F569F82C501D8A0010BF96 /* Release */ = {
			isa = XCBuildConfiguration;
			buildSettings = {
				ALWAYS_EMBED_SWIFT_STANDARD_LIBRARIES = YES;
				BUNDLE_LOADER = "$(TEST_HOST)";
				CODE_SIGN_STYLE = Automatic;
				CURRENT_PROJECT_VERSION = 1;
				DEVELOPMENT_TEAM = HU8S42LM5G;
				GENERATE_INFOPLIST_FILE = YES;
				IPHONEOS_DEPLOYMENT_TARGET = 17.5;
				MARKETING_VERSION = 1.0;
				PRODUCT_BUNDLE_IDENTIFIER = nickfalletta.Intern1Tests;
				PRODUCT_NAME = "$(TARGET_NAME)";
				SWIFT_EMIT_LOC_STRINGS = NO;
				SWIFT_VERSION = 5.0;
				TARGETED_DEVICE_FAMILY = "1,2";
				TEST_HOST = "$(BUILT_PRODUCTS_DIR)/NaviGPT.app/$(BUNDLE_EXECUTABLE_FOLDER_PATH)/NaviGPT";
			};
			name = Release;
		};
		E1F569FA2C501D8A0010BF96 /* Debug */ = {
			isa = XCBuildConfiguration;
			buildSettings = {
				ALWAYS_EMBED_SWIFT_STANDARD_LIBRARIES = YES;
				CODE_SIGN_STYLE = Automatic;
				CURRENT_PROJECT_VERSION = 1;
				DEVELOPMENT_TEAM = HU8S42LM5G;
				GENERATE_INFOPLIST_FILE = YES;
				MARKETING_VERSION = 1.0;
				PRODUCT_BUNDLE_IDENTIFIER = nickfalletta.Intern1UITests;
				PRODUCT_NAME = "$(TARGET_NAME)";
				SWIFT_EMIT_LOC_STRINGS = NO;
				SWIFT_VERSION = 5.0;
				TARGETED_DEVICE_FAMILY = "1,2";
				TEST_TARGET_NAME = Intern1;
			};
			name = Debug;
		};
		E1F569FB2C501D8A0010BF96 /* Release */ = {
			isa = XCBuildConfiguration;
			buildSettings = {
				ALWAYS_EMBED_SWIFT_STANDARD_LIBRARIES = YES;
				CODE_SIGN_STYLE = Automatic;
				CURRENT_PROJECT_VERSION = 1;
				DEVELOPMENT_TEAM = HU8S42LM5G;
				GENERATE_INFOPLIST_FILE = YES;
				MARKETING_VERSION = 1.0;
				PRODUCT_BUNDLE_IDENTIFIER = nickfalletta.Intern1UITests;
				PRODUCT_NAME = "$(TARGET_NAME)";
				SWIFT_EMIT_LOC_STRINGS = NO;
				SWIFT_VERSION = 5.0;
				TARGETED_DEVICE_FAMILY = "1,2";
				TEST_TARGET_NAME = Intern1;
			};
			name = Release;
		};
/* End XCBuildConfiguration section */

/* Begin XCConfigurationList section */
		E1F569CA2C501D880010BF96 /* Build configuration list for PBXProject "NaviGPT" */ = {
			isa = XCConfigurationList;
			buildConfigurations = (
				E1F569F12C501D8A0010BF96 /* Debug */,
				E1F569F22C501D8A0010BF96 /* Release */,
			);
			defaultConfigurationIsVisible = 0;
			defaultConfigurationName = Release;
		};
		E1F569F32C501D8A0010BF96 /* Build configuration list for PBXNativeTarget "NaviGPT" */ = {
			isa = XCConfigurationList;
			buildConfigurations = (
				E1F569F42C501D8A0010BF96 /* Debug */,
				E1F569F52C501D8A0010BF96 /* Release */,
			);
			defaultConfigurationIsVisible = 0;
			defaultConfigurationName = Release;
		};
		E1F569F62C501D8A0010BF96 /* Build configuration list for PBXNativeTarget "NaviGPTTests" */ = {
			isa = XCConfigurationList;
			buildConfigurations = (
				E1F569F72C501D8A0010BF96 /* Debug */,
				E1F569F82C501D8A0010BF96 /* Release */,
			);
			defaultConfigurationIsVisible = 0;
			defaultConfigurationName = Release;
		};
		E1F569F92C501D8A0010BF96 /* Build configuration list for PBXNativeTarget "NaviGPTUITests" */ = {
			isa = XCConfigurationList;
			buildConfigurations = (
				E1F569FA2C501D8A0010BF96 /* Debug */,
				E1F569FB2C501D8A0010BF96 /* Release */,
			);
			defaultConfigurationIsVisible = 0;
			defaultConfigurationName = Release;
		};
/* End XCConfigurationList section */
	};
	rootObject = E1F569C72C501D880010BF96 /* Project object */;
}
